// !$*UTF8*$!
{
	archiveVersion = 1;
	classes = {
	};
	objectVersion = 56;
	objects = {

/* Begin PBXBuildFile section */
		091400D316127399EC69B21F /* Assets.xcassets in Resources */ = {isa = PBXBuildFile; fileRef = 87765A4BFA17E4EDECDDE6ED /* Assets.xcassets */; };
		0CC728596D1FF0E100B3A565 /* PolmodorApp.swift in Sources */ = {isa = PBXBuildFile; fileRef = 72C042EE59BBA62F3158DCD5 /* PolmodorApp.swift */; };
		1D92B5F79FDB7FAE9B843F60 /* TimerViewModel.swift in Sources */ = {isa = PBXBuildFile; fileRef = 25D66AFE179656611025AA22 /* TimerViewModel.swift */; };
		3ACCE10CC069FF8B072D4575 /* PomodoroState.swift in Sources */ = {isa = PBXBuildFile; fileRef = FF757BFD0B2FB32C60323FB9 /* PomodoroState.swift */; };
		3E8978BDC8DABABE75422362 /* OnboardingView.swift in Sources */ = {isa = PBXBuildFile; fileRef = 99941576A23333C6608BF540 /* OnboardingView.swift */; };
		4C2682E53CC8F687DA654A90 /* TaskFormView.swift in Sources */ = {isa = PBXBuildFile; fileRef = 4052A3BD9113043E4EBF1AF9 /* TaskFormView.swift */; };
		52462F0707BD0D68C4B500F6 /* widgetBundle.swift in Sources */ = {isa = PBXBuildFile; fileRef = 1E23A690AF80A2E3B1214F5A /* widgetBundle.swift */; };
		67A59F033089F8AD9FB0512C /* TaskListView.swift in Sources */ = {isa = PBXBuildFile; fileRef = 64E9A866C670D8C0EC562989 /* TaskListView.swift */; };
		7049CDA2265C0B3176CA8CE4 /* Date+Extensions.swift in Sources */ = {isa = PBXBuildFile; fileRef = B87C1E2357B729ED6917C853 /* Date+Extensions.swift */; };
		7E79CD27D93EA39290DFB757 /* TaskDetailView.swift in Sources */ = {isa = PBXBuildFile; fileRef = 69BF8AF8BA43886D96250494 /* TaskDetailView.swift */; };
		952D18E8F603C741A00FD8A7 /* SettingsView.swift in Sources */ = {isa = PBXBuildFile; fileRef = 83797DC27B20565AED6D534C /* SettingsView.swift */; };
		967A7460825118D16C5D293D /* AppIntent.swift in Sources */ = {isa = PBXBuildFile; fileRef = A5FA847DFC844F31F00F908F /* AppIntent.swift */; };
		9A1976D1EE13423D4336846E /* Task.swift in Sources */ = {isa = PBXBuildFile; fileRef = 67EFDB8CF58E1C3A2F752F25 /* Task.swift */; };
		9FF4A86748EEC66C244C749F /* polmodorTests.swift in Sources */ = {isa = PBXBuildFile; fileRef = 77C61416614895096F401463 /* polmodorTests.swift */; };
		A61629793646C5D63F193326 /* TimerCircleView.swift in Sources */ = {isa = PBXBuildFile; fileRef = 59508EA19EC9A8E58CB0BA5D /* TimerCircleView.swift */; };
		A76549894D492B8D2D7AE37E /* widgetControl.swift in Sources */ = {isa = PBXBuildFile; fileRef = BE43E3849FEA4A1560565599 /* widgetControl.swift */; };
		AC8F083E647517647460BA36 /* Preview Assets.xcassets in Resources */ = {isa = PBXBuildFile; fileRef = 090FBD11DF2BDDD9051C33CE /* Preview Assets.xcassets */; };
		B990325878EC100A00987B7D /* widget.swift in Sources */ = {isa = PBXBuildFile; fileRef = EE70D6E5F82943C814905674 /* widget.swift */; };
		BBBD129EEBD47C94DC36DFA5 /* TimerView.swift in Sources */ = {isa = PBXBuildFile; fileRef = 8719800F3BE8793B5A69955F /* TimerView.swift */; };
		C21912203E5C6DCEC7510640 /* Assets.xcassets in Resources */ = {isa = PBXBuildFile; fileRef = 772B04695B211AC7E7DF4936 /* Assets.xcassets */; };
		C3A5B7AA28993BC20BD2DDD1 /* polmodorUITestsLaunchTests.swift in Sources */ = {isa = PBXBuildFile; fileRef = 80BCDB777B255F0621832284 /* polmodorUITestsLaunchTests.swift */; };
		C419023B3DA04E78A07D89F6 /* TimerServiceProtocol.swift in Sources */ = {isa = PBXBuildFile; fileRef = E604BD3C545DE3CAF4262340 /* TimerServiceProtocol.swift */; };
		C79F6AFA2125057ABF48CC65 /* Constants.swift in Sources */ = {isa = PBXBuildFile; fileRef = D582E222A0DC79597BB60EF9 /* Constants.swift */; };
		CBC23F1F381F0AA5FA3A7FEB /* Helpers.swift in Sources */ = {isa = PBXBuildFile; fileRef = 2083C732646AF6657F3F5B91 /* Helpers.swift */; };
		D3844967909261155F0CBBE3 /* ContentView.swift in Sources */ = {isa = PBXBuildFile; fileRef = C35E5507B99A69CC62649A6F /* ContentView.swift */; };
		D743652E72727FA7827E0C78 /* polmodorUITests.swift in Sources */ = {isa = PBXBuildFile; fileRef = E26102A2D766B6F22114699C /* polmodorUITests.swift */; };
		E346A7A3E9A17E9661D99900 /* Color+Extensions.swift in Sources */ = {isa = PBXBuildFile; fileRef = 38DC700929ED859A063078A3 /* Color+Extensions.swift */; };
		EEF391D1420D738F848E9D11 /* TaskServiceProtocol.swift in Sources */ = {isa = PBXBuildFile; fileRef = 0F4A91C07CA531A0B8B52748 /* TaskServiceProtocol.swift */; };
		F08FAD97A1838E532641020A /* TaskViewModel.swift in Sources */ = {isa = PBXBuildFile; fileRef = 591997478384E7669F2B1A7F /* TaskViewModel.swift */; };
		F798CC7DE00D0C7C266550ED /* widgetLiveActivity.swift in Sources */ = {isa = PBXBuildFile; fileRef = F9601FCBEA7E9F18E38BFDDA /* widgetLiveActivity.swift */; };
/* End PBXBuildFile section */

/* Begin PBXContainerItemProxy section */
		22357C4F702545170C71506F /* PBXContainerItemProxy */ = {
			isa = PBXContainerItemProxy;
			containerPortal = 7B2DFC0B6E73F4FE6D0057CA /* Project object */;
			proxyType = 1;
			remoteGlobalIDString = 555A64D907D6DD353221647A;
			remoteInfo = Polmodor;
		};
		76F5D00EFFE16D23384A621B /* PBXContainerItemProxy */ = {
			isa = PBXContainerItemProxy;
			containerPortal = 7B2DFC0B6E73F4FE6D0057CA /* Project object */;
			proxyType = 1;
			remoteGlobalIDString = 555A64D907D6DD353221647A;
			remoteInfo = Polmodor;
		};
		A5C1881A4FEC1425FD54728D /* PBXContainerItemProxy */ = {
			isa = PBXContainerItemProxy;
			containerPortal = 7B2DFC0B6E73F4FE6D0057CA /* Project object */;
			proxyType = 1;
			remoteGlobalIDString = 555A64D907D6DD353221647A;
			remoteInfo = Polmodor;
		};
/* End PBXContainerItemProxy section */

/* Begin PBXFileReference section */
		090FBD11DF2BDDD9051C33CE /* Preview Assets.xcassets */ = {isa = PBXFileReference; lastKnownFileType = folder.assetcatalog; path = "Preview Assets.xcassets"; sourceTree = "<group>"; };
		0F4A91C07CA531A0B8B52748 /* TaskServiceProtocol.swift */ = {isa = PBXFileReference; lastKnownFileType = sourcecode.swift; path = TaskServiceProtocol.swift; sourceTree = "<group>"; };
		1E23A690AF80A2E3B1214F5A /* widgetBundle.swift */ = {isa = PBXFileReference; lastKnownFileType = sourcecode.swift; path = widgetBundle.swift; sourceTree = "<group>"; };
		2083C732646AF6657F3F5B91 /* Helpers.swift */ = {isa = PBXFileReference; lastKnownFileType = sourcecode.swift; path = Helpers.swift; sourceTree = "<group>"; };
		25D66AFE179656611025AA22 /* TimerViewModel.swift */ = {isa = PBXFileReference; lastKnownFileType = sourcecode.swift; path = TimerViewModel.swift; sourceTree = "<group>"; };
		311565A38DF1BD7F19B644DA /* Polmodor.app */ = {isa = PBXFileReference; explicitFileType = wrapper.application; includeInIndex = 0; path = Polmodor.app; sourceTree = BUILT_PRODUCTS_DIR; };
		38DC700929ED859A063078A3 /* Color+Extensions.swift */ = {isa = PBXFileReference; lastKnownFileType = sourcecode.swift; path = "Color+Extensions.swift"; sourceTree = "<group>"; };
		4052A3BD9113043E4EBF1AF9 /* TaskFormView.swift */ = {isa = PBXFileReference; lastKnownFileType = sourcecode.swift; path = TaskFormView.swift; sourceTree = "<group>"; };
		42FA2F22C62F22D0A2AF594F /* Info.plist */ = {isa = PBXFileReference; lastKnownFileType = text.plist; path = Info.plist; sourceTree = "<group>"; };
		591997478384E7669F2B1A7F /* TaskViewModel.swift */ = {isa = PBXFileReference; lastKnownFileType = sourcecode.swift; path = TaskViewModel.swift; sourceTree = "<group>"; };
		59508EA19EC9A8E58CB0BA5D /* TimerCircleView.swift */ = {isa = PBXFileReference; lastKnownFileType = sourcecode.swift; path = TimerCircleView.swift; sourceTree = "<group>"; };
		64E9A866C670D8C0EC562989 /* TaskListView.swift */ = {isa = PBXFileReference; lastKnownFileType = sourcecode.swift; path = TaskListView.swift; sourceTree = "<group>"; };
		67EFDB8CF58E1C3A2F752F25 /* Task.swift */ = {isa = PBXFileReference; lastKnownFileType = sourcecode.swift; path = Task.swift; sourceTree = "<group>"; };
		69BF8AF8BA43886D96250494 /* TaskDetailView.swift */ = {isa = PBXFileReference; lastKnownFileType = sourcecode.swift; path = TaskDetailView.swift; sourceTree = "<group>"; };
		6CB976DA82C044BAACE979EA /* Info.plist */ = {isa = PBXFileReference; lastKnownFileType = text.plist; path = Info.plist; sourceTree = "<group>"; };
		72C042EE59BBA62F3158DCD5 /* PolmodorApp.swift */ = {isa = PBXFileReference; lastKnownFileType = sourcecode.swift; path = PolmodorApp.swift; sourceTree = "<group>"; };
		772B04695B211AC7E7DF4936 /* Assets.xcassets */ = {isa = PBXFileReference; lastKnownFileType = folder.assetcatalog; path = Assets.xcassets; sourceTree = "<group>"; };
		77C61416614895096F401463 /* polmodorTests.swift */ = {isa = PBXFileReference; lastKnownFileType = sourcecode.swift; path = polmodorTests.swift; sourceTree = "<group>"; };
		80BCDB777B255F0621832284 /* polmodorUITestsLaunchTests.swift */ = {isa = PBXFileReference; lastKnownFileType = sourcecode.swift; path = polmodorUITestsLaunchTests.swift; sourceTree = "<group>"; };
		83797DC27B20565AED6D534C /* SettingsView.swift */ = {isa = PBXFileReference; lastKnownFileType = sourcecode.swift; path = SettingsView.swift; sourceTree = "<group>"; };
		8719800F3BE8793B5A69955F /* TimerView.swift */ = {isa = PBXFileReference; lastKnownFileType = sourcecode.swift; path = TimerView.swift; sourceTree = "<group>"; };
		87765A4BFA17E4EDECDDE6ED /* Assets.xcassets */ = {isa = PBXFileReference; lastKnownFileType = folder.assetcatalog; path = Assets.xcassets; sourceTree = "<group>"; };
		99941576A23333C6608BF540 /* OnboardingView.swift */ = {isa = PBXFileReference; lastKnownFileType = sourcecode.swift; path = OnboardingView.swift; sourceTree = "<group>"; };
		A5FA847DFC844F31F00F908F /* AppIntent.swift */ = {isa = PBXFileReference; lastKnownFileType = sourcecode.swift; path = AppIntent.swift; sourceTree = "<group>"; };
		AE694B92EF6DA1742F9D4388 /* PolmodorUITests.xctest */ = {isa = PBXFileReference; includeInIndex = 0; lastKnownFileType = wrapper.cfbundle; path = PolmodorUITests.xctest; sourceTree = BUILT_PRODUCTS_DIR; };
		B0AEF2D3A01B1C12658CFB86 /* PolmodorTests.xctest */ = {isa = PBXFileReference; includeInIndex = 0; lastKnownFileType = wrapper.cfbundle; path = PolmodorTests.xctest; sourceTree = BUILT_PRODUCTS_DIR; };
		B87C1E2357B729ED6917C853 /* Date+Extensions.swift */ = {isa = PBXFileReference; lastKnownFileType = sourcecode.swift; path = "Date+Extensions.swift"; sourceTree = "<group>"; };
		BE43E3849FEA4A1560565599 /* widgetControl.swift */ = {isa = PBXFileReference; lastKnownFileType = sourcecode.swift; path = widgetControl.swift; sourceTree = "<group>"; };
		C35E5507B99A69CC62649A6F /* ContentView.swift */ = {isa = PBXFileReference; lastKnownFileType = sourcecode.swift; path = ContentView.swift; sourceTree = "<group>"; };
		D582E222A0DC79597BB60EF9 /* Constants.swift */ = {isa = PBXFileReference; lastKnownFileType = sourcecode.swift; path = Constants.swift; sourceTree = "<group>"; };
		E26102A2D766B6F22114699C /* polmodorUITests.swift */ = {isa = PBXFileReference; lastKnownFileType = sourcecode.swift; path = polmodorUITests.swift; sourceTree = "<group>"; };
		E604BD3C545DE3CAF4262340 /* TimerServiceProtocol.swift */ = {isa = PBXFileReference; lastKnownFileType = sourcecode.swift; path = TimerServiceProtocol.swift; sourceTree = "<group>"; };
		ED5202D80B1752DCF8B19D50 /* polmodor.entitlements */ = {isa = PBXFileReference; lastKnownFileType = text.plist.entitlements; path = polmodor.entitlements; sourceTree = "<group>"; };
		EE70D6E5F82943C814905674 /* widget.swift */ = {isa = PBXFileReference; lastKnownFileType = sourcecode.swift; path = widget.swift; sourceTree = "<group>"; };
		F5106DB268B56520E25B9872 /* PolmodorWidget.appex */ = {isa = PBXFileReference; explicitFileType = "wrapper.app-extension"; includeInIndex = 0; path = PolmodorWidget.appex; sourceTree = BUILT_PRODUCTS_DIR; };
		F9601FCBEA7E9F18E38BFDDA /* widgetLiveActivity.swift */ = {isa = PBXFileReference; lastKnownFileType = sourcecode.swift; path = widgetLiveActivity.swift; sourceTree = "<group>"; };
		FF757BFD0B2FB32C60323FB9 /* PomodoroState.swift */ = {isa = PBXFileReference; lastKnownFileType = sourcecode.swift; path = PomodoroState.swift; sourceTree = "<group>"; };
/* End PBXFileReference section */

/* Begin PBXGroup section */
		01F583FD8D2E480FD639AAAB /* Features */ = {
			isa = PBXGroup;
			children = (
				5BFDBEA6F0ED5CDFA649C327 /* Onboarding */,
				EBBA4F744516BFEF39967466 /* Settings */,
				27C7C836A857CDBEFAB6A51A /* Tasks */,
				11C227C9D297789873821BA3 /* Timer */,
			);
			path = Features;
			sourceTree = "<group>";
		};
		11C227C9D297789873821BA3 /* Timer */ = {
			isa = PBXGroup;
			children = (
				57C8F109194A884A40227BEB /* Models */,
				93BE6D8185F72900437B6E61 /* ViewModels */,
				B70DAC32AD9C2192BC45A9CC /* Views */,
			);
			path = Timer;
			sourceTree = "<group>";
		};
		13FBE93FB3D8426C5B2B89DA = {
			isa = PBXGroup;
			children = (
				C6C4D4F997BE9F99328767CD /* Polmodor */,
				97C6A3FF7B08663F41E2712C /* PolmodorTests */,
				34A900A2A05BFF0BB5E57906 /* PolmodorUITests */,
				9A4973AE0BA28E789EE533F1 /* widget */,
				491A17BB31917B3E1C321D6E /* Products */,
			);
			indentWidth = 2;
			sourceTree = "<group>";
			tabWidth = 2;
			usesTabs = 1;
		};
		21D71A4FF6A2F6875A056290 /* Utilities */ = {
			isa = PBXGroup;
			children = (
				D582E222A0DC79597BB60EF9 /* Constants.swift */,
				2083C732646AF6657F3F5B91 /* Helpers.swift */,
			);
			path = Utilities;
			sourceTree = "<group>";
		};
		27C7C836A857CDBEFAB6A51A /* Tasks */ = {
			isa = PBXGroup;
			children = (
				867794A4050A445D2D9FB15F /* Models */,
				FE202B24E59EAABA0853CA9E /* ViewModels */,
				8F8A774F4182EC3D34A826E8 /* Views */,
			);
			path = Tasks;
			sourceTree = "<group>";
		};
		34A900A2A05BFF0BB5E57906 /* PolmodorUITests */ = {
			isa = PBXGroup;
			children = (
				E26102A2D766B6F22114699C /* polmodorUITests.swift */,
				80BCDB777B255F0621832284 /* polmodorUITestsLaunchTests.swift */,
			);
			path = PolmodorUITests;
			sourceTree = "<group>";
		};
		491A17BB31917B3E1C321D6E /* Products */ = {
			isa = PBXGroup;
			children = (
				311565A38DF1BD7F19B644DA /* Polmodor.app */,
				B0AEF2D3A01B1C12658CFB86 /* PolmodorTests.xctest */,
				AE694B92EF6DA1742F9D4388 /* PolmodorUITests.xctest */,
				F5106DB268B56520E25B9872 /* PolmodorWidget.appex */,
			);
			name = Products;
			sourceTree = "<group>";
		};
		4C83AD0359AEC5934EF50E8E /* Protocols */ = {
			isa = PBXGroup;
			children = (
				0F4A91C07CA531A0B8B52748 /* TaskServiceProtocol.swift */,
				E604BD3C545DE3CAF4262340 /* TimerServiceProtocol.swift */,
			);
			path = Protocols;
			sourceTree = "<group>";
		};
		57C8F109194A884A40227BEB /* Models */ = {
			isa = PBXGroup;
			children = (
				FF757BFD0B2FB32C60323FB9 /* PomodoroState.swift */,
			);
			path = Models;
			sourceTree = "<group>";
		};
		5BFDBEA6F0ED5CDFA649C327 /* Onboarding */ = {
			isa = PBXGroup;
			children = (
				638F7FDF092DBFAB44677127 /* Views */,
			);
			path = Onboarding;
			sourceTree = "<group>";
		};
		638F7FDF092DBFAB44677127 /* Views */ = {
			isa = PBXGroup;
			children = (
				99941576A23333C6608BF540 /* OnboardingView.swift */,
			);
			path = Views;
			sourceTree = "<group>";
		};
		6AAC4077C3B9892A01D50B85 /* Extensions */ = {
			isa = PBXGroup;
			children = (
				38DC700929ED859A063078A3 /* Color+Extensions.swift */,
				B87C1E2357B729ED6917C853 /* Date+Extensions.swift */,
			);
			path = Extensions;
			sourceTree = "<group>";
		};
		8103BEFEE8CB9076B39838AE /* Views */ = {
			isa = PBXGroup;
			children = (
				83797DC27B20565AED6D534C /* SettingsView.swift */,
			);
			path = Views;
			sourceTree = "<group>";
		};
		867794A4050A445D2D9FB15F /* Models */ = {
			isa = PBXGroup;
			children = (
				67EFDB8CF58E1C3A2F752F25 /* Task.swift */,
			);
			path = Models;
			sourceTree = "<group>";
		};
		8F8A774F4182EC3D34A826E8 /* Views */ = {
			isa = PBXGroup;
			children = (
				69BF8AF8BA43886D96250494 /* TaskDetailView.swift */,
				4052A3BD9113043E4EBF1AF9 /* TaskFormView.swift */,
				64E9A866C670D8C0EC562989 /* TaskListView.swift */,
			);
			path = Views;
			sourceTree = "<group>";
		};
		93BE6D8185F72900437B6E61 /* ViewModels */ = {
			isa = PBXGroup;
			children = (
				25D66AFE179656611025AA22 /* TimerViewModel.swift */,
			);
			path = ViewModels;
			sourceTree = "<group>";
		};
		9595FA5AF2F28B2ACAC0457D /* App */ = {
			isa = PBXGroup;
			children = (
				C35E5507B99A69CC62649A6F /* ContentView.swift */,
				72C042EE59BBA62F3158DCD5 /* PolmodorApp.swift */,
			);
			path = App;
			sourceTree = "<group>";
		};
		967A37E0E3219395A959BD68 /* Preview Content */ = {
			isa = PBXGroup;
			children = (
				090FBD11DF2BDDD9051C33CE /* Preview Assets.xcassets */,
			);
			path = "Preview Content";
			sourceTree = "<group>";
		};
		97C6A3FF7B08663F41E2712C /* PolmodorTests */ = {
			isa = PBXGroup;
			children = (
				77C61416614895096F401463 /* polmodorTests.swift */,
			);
			path = PolmodorTests;
			sourceTree = "<group>";
		};
		9A4973AE0BA28E789EE533F1 /* widget */ = {
			isa = PBXGroup;
			children = (
				A5FA847DFC844F31F00F908F /* AppIntent.swift */,
				87765A4BFA17E4EDECDDE6ED /* Assets.xcassets */,
				6CB976DA82C044BAACE979EA /* Info.plist */,
				EE70D6E5F82943C814905674 /* widget.swift */,
				1E23A690AF80A2E3B1214F5A /* widgetBundle.swift */,
				BE43E3849FEA4A1560565599 /* widgetControl.swift */,
				F9601FCBEA7E9F18E38BFDDA /* widgetLiveActivity.swift */,
			);
			path = widget;
			sourceTree = "<group>";
		};
		B1C4E20D4FE2751C0D19B6D3 /* Sources */ = {
			isa = PBXGroup;
			children = (
				9595FA5AF2F28B2ACAC0457D /* App */,
				C920A1EA704C89B4D2968979 /* Core */,
				01F583FD8D2E480FD639AAAB /* Features */,
			);
			path = Sources;
			sourceTree = "<group>";
		};
		B70DAC32AD9C2192BC45A9CC /* Views */ = {
			isa = PBXGroup;
			children = (
				59508EA19EC9A8E58CB0BA5D /* TimerCircleView.swift */,
				8719800F3BE8793B5A69955F /* TimerView.swift */,
			);
			path = Views;
			sourceTree = "<group>";
		};
		C6C4D4F997BE9F99328767CD /* Polmodor */ = {
			isa = PBXGroup;
			children = (
				967A37E0E3219395A959BD68 /* Preview Content */,
				B1C4E20D4FE2751C0D19B6D3 /* Sources */,
				772B04695B211AC7E7DF4936 /* Assets.xcassets */,
				42FA2F22C62F22D0A2AF594F /* Info.plist */,
				ED5202D80B1752DCF8B19D50 /* polmodor.entitlements */,
			);
			path = Polmodor;
			sourceTree = "<group>";
		};
		C920A1EA704C89B4D2968979 /* Core */ = {
			isa = PBXGroup;
			children = (
				6AAC4077C3B9892A01D50B85 /* Extensions */,
				4C83AD0359AEC5934EF50E8E /* Protocols */,
				21D71A4FF6A2F6875A056290 /* Utilities */,
			);
			path = Core;
			sourceTree = "<group>";
		};
		EBBA4F744516BFEF39967466 /* Settings */ = {
			isa = PBXGroup;
			children = (
				8103BEFEE8CB9076B39838AE /* Views */,
			);
			path = Settings;
			sourceTree = "<group>";
		};
		FE202B24E59EAABA0853CA9E /* ViewModels */ = {
			isa = PBXGroup;
			children = (
				591997478384E7669F2B1A7F /* TaskViewModel.swift */,
			);
			path = ViewModels;
			sourceTree = "<group>";
		};
/* End PBXGroup section */

/* Begin PBXNativeTarget section */
		14E75642D4D8DE65910D2AE6 /* PolmodorWidget */ = {
			isa = PBXNativeTarget;
			buildConfigurationList = 6CA3C2E0B8DC00AB2E36E9CC /* Build configuration list for PBXNativeTarget "PolmodorWidget" */;
			buildPhases = (
				F878CE1A2EAEB7BC8F693A3A /* Sources */,
				FA1380DFD774D6B6EEBAA937 /* Resources */,
			);
			buildRules = (
			);
			dependencies = (
				04B3A471E21DDC86E8789689 /* PBXTargetDependency */,
			);
			name = PolmodorWidget;
			productName = PolmodorWidget;
			productReference = F5106DB268B56520E25B9872 /* PolmodorWidget.appex */;
			productType = "com.apple.product-type.app-extension";
		};
		555A64D907D6DD353221647A /* Polmodor */ = {
			isa = PBXNativeTarget;
			buildConfigurationList = 802C64C9BB2668059CFB3069 /* Build configuration list for PBXNativeTarget "Polmodor" */;
			buildPhases = (
				4EC6CC27553F860034109E6E /* Sources */,
				FE324C4058B77E7A08E5759C /* Resources */,
			);
			buildRules = (
			);
			dependencies = (
			);
			name = Polmodor;
			productName = Polmodor;
			productReference = 311565A38DF1BD7F19B644DA /* Polmodor.app */;
			productType = "com.apple.product-type.application";
		};
		B260531CD09C1EA9CC3AC7C2 /* PolmodorTests */ = {
			isa = PBXNativeTarget;
			buildConfigurationList = 8FFF63ADDEE93942A8E78358 /* Build configuration list for PBXNativeTarget "PolmodorTests" */;
			buildPhases = (
				802E4385951AC65C21F76E57 /* Sources */,
			);
			buildRules = (
			);
			dependencies = (
				DA20D9FBC404385CD3ED9943 /* PBXTargetDependency */,
			);
			name = PolmodorTests;
			productName = PolmodorTests;
			productReference = B0AEF2D3A01B1C12658CFB86 /* PolmodorTests.xctest */;
			productType = "com.apple.product-type.bundle.unit-test";
		};
		E82950BC44DA7CE65E8C6278 /* PolmodorUITests */ = {
			isa = PBXNativeTarget;
			buildConfigurationList = 88437CBFD6BB466E064E0F2A /* Build configuration list for PBXNativeTarget "PolmodorUITests" */;
			buildPhases = (
				353A6CA3AD22BE10E65B5D5D /* Sources */,
			);
			buildRules = (
			);
			dependencies = (
				898151D36869798680AA9768 /* PBXTargetDependency */,
			);
			name = PolmodorUITests;
			productName = PolmodorUITests;
			productReference = AE694B92EF6DA1742F9D4388 /* PolmodorUITests.xctest */;
			productType = "com.apple.product-type.bundle.ui-testing";
		};
/* End PBXNativeTarget section */

/* Begin PBXProject section */
		7B2DFC0B6E73F4FE6D0057CA /* Project object */ = {
			isa = PBXProject;
			attributes = {
				BuildIndependentTargetsInParallel = YES;
				LastUpgradeCheck = 1430;
				TargetAttributes = {
					14E75642D4D8DE65910D2AE6 = {
						DevelopmentTeam = K9878XM64L;
						ProvisioningStyle = Automatic;
					};
					B260531CD09C1EA9CC3AC7C2 = {
						DevelopmentTeam = K9878XM64L;
					};
					E82950BC44DA7CE65E8C6278 = {
						DevelopmentTeam = K9878XM64L;
						TestTargetID = 555A64D907D6DD353221647A;
					};
				};
			};
			buildConfigurationList = E936ABF6C4E411BB72B98F40 /* Build configuration list for PBXProject "Polmodor" */;
			compatibilityVersion = "Xcode 14.0";
			developmentRegion = en;
			hasScannedForEncodings = 0;
			knownRegions = (
				Base,
				en,
			);
			mainGroup = 13FBE93FB3D8426C5B2B89DA;
			projectDirPath = "";
			projectRoot = "";
			targets = (
				555A64D907D6DD353221647A /* Polmodor */,
				B260531CD09C1EA9CC3AC7C2 /* PolmodorTests */,
				E82950BC44DA7CE65E8C6278 /* PolmodorUITests */,
				14E75642D4D8DE65910D2AE6 /* PolmodorWidget */,
			);
		};
/* End PBXProject section */

/* Begin PBXResourcesBuildPhase section */
		FA1380DFD774D6B6EEBAA937 /* Resources */ = {
			isa = PBXResourcesBuildPhase;
			buildActionMask = 2147483647;
			files = (
				091400D316127399EC69B21F /* Assets.xcassets in Resources */,
			);
			runOnlyForDeploymentPostprocessing = 0;
		};
		FE324C4058B77E7A08E5759C /* Resources */ = {
			isa = PBXResourcesBuildPhase;
			buildActionMask = 2147483647;
			files = (
				C21912203E5C6DCEC7510640 /* Assets.xcassets in Resources */,
				AC8F083E647517647460BA36 /* Preview Assets.xcassets in Resources */,
			);
			runOnlyForDeploymentPostprocessing = 0;
		};
/* End PBXResourcesBuildPhase section */

/* Begin PBXSourcesBuildPhase section */
		353A6CA3AD22BE10E65B5D5D /* Sources */ = {
			isa = PBXSourcesBuildPhase;
			buildActionMask = 2147483647;
			files = (
				D743652E72727FA7827E0C78 /* polmodorUITests.swift in Sources */,
				C3A5B7AA28993BC20BD2DDD1 /* polmodorUITestsLaunchTests.swift in Sources */,
			);
			runOnlyForDeploymentPostprocessing = 0;
		};
		4EC6CC27553F860034109E6E /* Sources */ = {
			isa = PBXSourcesBuildPhase;
			buildActionMask = 2147483647;
			files = (
				E346A7A3E9A17E9661D99900 /* Color+Extensions.swift in Sources */,
				C79F6AFA2125057ABF48CC65 /* Constants.swift in Sources */,
				D3844967909261155F0CBBE3 /* ContentView.swift in Sources */,
				7049CDA2265C0B3176CA8CE4 /* Date+Extensions.swift in Sources */,
				CBC23F1F381F0AA5FA3A7FEB /* Helpers.swift in Sources */,
				3E8978BDC8DABABE75422362 /* OnboardingView.swift in Sources */,
				0CC728596D1FF0E100B3A565 /* PolmodorApp.swift in Sources */,
				3ACCE10CC069FF8B072D4575 /* PomodoroState.swift in Sources */,
				952D18E8F603C741A00FD8A7 /* SettingsView.swift in Sources */,
				9A1976D1EE13423D4336846E /* Task.swift in Sources */,
				7E79CD27D93EA39290DFB757 /* TaskDetailView.swift in Sources */,
				4C2682E53CC8F687DA654A90 /* TaskFormView.swift in Sources */,
				67A59F033089F8AD9FB0512C /* TaskListView.swift in Sources */,
				EEF391D1420D738F848E9D11 /* TaskServiceProtocol.swift in Sources */,
				F08FAD97A1838E532641020A /* TaskViewModel.swift in Sources */,
				A61629793646C5D63F193326 /* TimerCircleView.swift in Sources */,
				C419023B3DA04E78A07D89F6 /* TimerServiceProtocol.swift in Sources */,
				BBBD129EEBD47C94DC36DFA5 /* TimerView.swift in Sources */,
				1D92B5F79FDB7FAE9B843F60 /* TimerViewModel.swift in Sources */,
			);
			runOnlyForDeploymentPostprocessing = 0;
		};
		802E4385951AC65C21F76E57 /* Sources */ = {
			isa = PBXSourcesBuildPhase;
			buildActionMask = 2147483647;
			files = (
				9FF4A86748EEC66C244C749F /* polmodorTests.swift in Sources */,
			);
			runOnlyForDeploymentPostprocessing = 0;
		};
		F878CE1A2EAEB7BC8F693A3A /* Sources */ = {
			isa = PBXSourcesBuildPhase;
			buildActionMask = 2147483647;
			files = (
				967A7460825118D16C5D293D /* AppIntent.swift in Sources */,
				B990325878EC100A00987B7D /* widget.swift in Sources */,
				52462F0707BD0D68C4B500F6 /* widgetBundle.swift in Sources */,
				A76549894D492B8D2D7AE37E /* widgetControl.swift in Sources */,
				F798CC7DE00D0C7C266550ED /* widgetLiveActivity.swift in Sources */,
			);
			runOnlyForDeploymentPostprocessing = 0;
		};
/* End PBXSourcesBuildPhase section */

/* Begin PBXTargetDependency section */
		04B3A471E21DDC86E8789689 /* PBXTargetDependency */ = {
			isa = PBXTargetDependency;
			target = 555A64D907D6DD353221647A /* Polmodor */;
			targetProxy = A5C1881A4FEC1425FD54728D /* PBXContainerItemProxy */;
		};
		898151D36869798680AA9768 /* PBXTargetDependency */ = {
			isa = PBXTargetDependency;
			target = 555A64D907D6DD353221647A /* Polmodor */;
			targetProxy = 76F5D00EFFE16D23384A621B /* PBXContainerItemProxy */;
		};
		DA20D9FBC404385CD3ED9943 /* PBXTargetDependency */ = {
			isa = PBXTargetDependency;
			target = 555A64D907D6DD353221647A /* Polmodor */;
			targetProxy = 22357C4F702545170C71506F /* PBXContainerItemProxy */;
		};
/* End PBXTargetDependency section */

/* Begin XCBuildConfiguration section */
		08B088A0063518A494596DB9 /* Debug */ = {
			isa = XCBuildConfiguration;
			buildSettings = {
				ASSETCATALOG_COMPILER_APPICON_NAME = AppIcon;
				ASSETCATALOG_COMPILER_GLOBAL_ACCENT_COLOR_NAME = AccentColor;
				CODE_SIGN_IDENTITY = "iPhone Developer";
				CODE_SIGN_STYLE = Automatic;
				ENABLE_PREVIEWS = YES;
				INFOPLIST_FILE = Polmodor/Info.plist;
				LD_RUNPATH_SEARCH_PATHS = (
					"$(inherited)",
					"@executable_path/Frameworks",
				);
				PRODUCT_BUNDLE_IDENTIFIER = com.polmodor;
				SDKROOT = iphoneos;
				SUPPORTED_PLATFORMS = "iphoneos iphonesimulator";
				SUPPORTS_MACCATALYST = NO;
				SUPPORTS_MAC_DESIGNED_FOR_IPHONE_IPAD = YES;
				SUPPORTS_XR_DESIGNED_FOR_IPHONE_IPAD = YES;
				TARGETED_DEVICE_FAMILY = "1,2";
			};
			name = Debug;
		};
		7C756CA17EDE5C596901B11F /* Release */ = {
			isa = XCBuildConfiguration;
			buildSettings = {
				ALWAYS_SEARCH_USER_PATHS = NO;
				CLANG_ANALYZER_NONNULL = YES;
				CLANG_ANALYZER_NUMBER_OBJECT_CONVERSION = YES_AGGRESSIVE;
				CLANG_CXX_LANGUAGE_STANDARD = "gnu++14";
				CLANG_CXX_LIBRARY = "libc++";
				CLANG_ENABLE_MODULES = YES;
				CLANG_ENABLE_OBJC_ARC = YES;
				CLANG_ENABLE_OBJC_WEAK = YES;
				CLANG_WARN_BLOCK_CAPTURE_AUTORELEASING = YES;
				CLANG_WARN_BOOL_CONVERSION = YES;
				CLANG_WARN_COMMA = YES;
				CLANG_WARN_CONSTANT_CONVERSION = YES;
				CLANG_WARN_DEPRECATED_OBJC_IMPLEMENTATIONS = YES;
				CLANG_WARN_DIRECT_OBJC_ISA_USAGE = YES_ERROR;
				CLANG_WARN_DOCUMENTATION_COMMENTS = YES;
				CLANG_WARN_EMPTY_BODY = YES;
				CLANG_WARN_ENUM_CONVERSION = YES;
				CLANG_WARN_INFINITE_RECURSION = YES;
				CLANG_WARN_INT_CONVERSION = YES;
				CLANG_WARN_NON_LITERAL_NULL_CONVERSION = YES;
				CLANG_WARN_OBJC_IMPLICIT_RETAIN_SELF = YES;
				CLANG_WARN_OBJC_LITERAL_CONVERSION = YES;
				CLANG_WARN_OBJC_ROOT_CLASS = YES_ERROR;
				CLANG_WARN_QUOTED_INCLUDE_IN_FRAMEWORK_HEADER = YES;
				CLANG_WARN_RANGE_LOOP_ANALYSIS = YES;
				CLANG_WARN_STRICT_PROTOTYPES = YES;
				CLANG_WARN_SUSPICIOUS_MOVE = YES;
				CLANG_WARN_UNGUARDED_AVAILABILITY = YES_AGGRESSIVE;
				CLANG_WARN_UNREACHABLE_CODE = YES;
				CLANG_WARN__DUPLICATE_METHOD_MATCH = YES;
				COPY_PHASE_STRIP = NO;
				CURRENT_PROJECT_VERSION = 1;
				DEBUG_INFORMATION_FORMAT = "dwarf-with-dsym";
				DEVELOPMENT_TEAM = K9878XM64L;
				ENABLE_NS_ASSERTIONS = NO;
				ENABLE_STRICT_OBJC_MSGSEND = YES;
				GCC_C_LANGUAGE_STANDARD = gnu11;
				GCC_NO_COMMON_BLOCKS = YES;
				GCC_WARN_64_TO_32_BIT_CONVERSION = YES;
				GCC_WARN_ABOUT_RETURN_TYPE = YES_ERROR;
				GCC_WARN_UNDECLARED_SELECTOR = YES;
				GCC_WARN_UNINITIALIZED_AUTOS = YES_AGGRESSIVE;
				GCC_WARN_UNUSED_FUNCTION = YES;
				GCC_WARN_UNUSED_VARIABLE = YES;
				GENERATE_INFOPLIST_FILE = YES;
				IPHONEOS_DEPLOYMENT_TARGET = 16.2;
				MARKETING_VERSION = 1.0.0;
				MTL_ENABLE_DEBUG_INFO = NO;
				MTL_FAST_MATH = YES;
				PRODUCT_NAME = "$(TARGET_NAME)";
				SDKROOT = iphoneos;
				SWIFT_COMPILATION_MODE = wholemodule;
				SWIFT_OPTIMIZATION_LEVEL = "-O";
				SWIFT_VERSION = 5.0;
				TARGETED_DEVICE_FAMILY = "1,2";
			};
			name = Release;
		};
		85F4045BD028AEABDD70353B /* Release */ = {
			isa = XCBuildConfiguration;
			buildSettings = {
				BUNDLE_LOADER = "$(TEST_HOST)";
				INFOPLIST_FILE = PolmodorUITests/Info.plist;
				LD_RUNPATH_SEARCH_PATHS = (
					"$(inherited)",
					"@executable_path/Frameworks",
					"@loader_path/Frameworks",
				);
				PRODUCT_BUNDLE_IDENTIFIER = com.PolmodorUITests;
				SDKROOT = iphoneos;
				TARGETED_DEVICE_FAMILY = "1,2";
				TEST_TARGET_NAME = Polmodor;
			};
			name = Release;
		};
		964CC7B4EA8C84B8F555AD26 /* Release */ = {
			isa = XCBuildConfiguration;
			buildSettings = {
				ASSETCATALOG_COMPILER_WIDGET_BACKGROUND_COLOR_NAME = WidgetBackground;
				CODE_SIGN_STYLE = Automatic;
				GENERATE_INFOPLIST_FILE = YES;
				INFOPLIST_FILE = widget/Info.plist;
				IPHONEOS_DEPLOYMENT_TARGET = 17.6;
				LD_RUNPATH_SEARCH_PATHS = (
					"$(inherited)",
					"@executable_path/Frameworks",
					"@executable_path/../../Frameworks",
				);
				PRODUCT_BUNDLE_IDENTIFIER = com.polmodor.widget;
				SDKROOT = iphoneos;
				TARGETED_DEVICE_FAMILY = "1,2";
			};
			name = Release;
		};
		9924AB62A461EA42EC01A75D /* Debug */ = {
			isa = XCBuildConfiguration;
			buildSettings = {
				ASSETCATALOG_COMPILER_WIDGET_BACKGROUND_COLOR_NAME = WidgetBackground;
				CODE_SIGN_STYLE = Automatic;
				GENERATE_INFOPLIST_FILE = YES;
				INFOPLIST_FILE = widget/Info.plist;
				IPHONEOS_DEPLOYMENT_TARGET = 17.6;
				LD_RUNPATH_SEARCH_PATHS = (
					"$(inherited)",
					"@executable_path/Frameworks",
					"@executable_path/../../Frameworks",
				);
				PRODUCT_BUNDLE_IDENTIFIER = com.polmodor.widget;
				SDKROOT = iphoneos;
				TARGETED_DEVICE_FAMILY = "1,2";
			};
			name = Debug;
		};
		9A09ABA383162317B37AC3C4 /* Release */ = {
			isa = XCBuildConfiguration;
			buildSettings = {
				BUNDLE_LOADER = "$(TEST_HOST)";
				INFOPLIST_FILE = PolmodorTests/Info.plist;
				LD_RUNPATH_SEARCH_PATHS = (
					"$(inherited)",
					"@executable_path/Frameworks",
					"@loader_path/Frameworks",
				);
				PRODUCT_BUNDLE_IDENTIFIER = com.PolmodorTests;
				SDKROOT = iphoneos;
				TARGETED_DEVICE_FAMILY = "1,2";
				TEST_HOST = "$(BUILT_PRODUCTS_DIR)/Polmodor.app/$(BUNDLE_EXECUTABLE_FOLDER_PATH)/Polmodor";
			};
			name = Release;
		};
		9CB6691CEBD85A8B732EA5E3 /* Debug */ = {
			isa = XCBuildConfiguration;
			buildSettings = {
				ALWAYS_SEARCH_USER_PATHS = NO;
				CLANG_ANALYZER_NONNULL = YES;
				CLANG_ANALYZER_NUMBER_OBJECT_CONVERSION = YES_AGGRESSIVE;
				CLANG_CXX_LANGUAGE_STANDARD = "gnu++14";
				CLANG_CXX_LIBRARY = "libc++";
				CLANG_ENABLE_MODULES = YES;
				CLANG_ENABLE_OBJC_ARC = YES;
				CLANG_ENABLE_OBJC_WEAK = YES;
				CLANG_WARN_BLOCK_CAPTURE_AUTORELEASING = YES;
				CLANG_WARN_BOOL_CONVERSION = YES;
				CLANG_WARN_COMMA = YES;
				CLANG_WARN_CONSTANT_CONVERSION = YES;
				CLANG_WARN_DEPRECATED_OBJC_IMPLEMENTATIONS = YES;
				CLANG_WARN_DIRECT_OBJC_ISA_USAGE = YES_ERROR;
				CLANG_WARN_DOCUMENTATION_COMMENTS = YES;
				CLANG_WARN_EMPTY_BODY = YES;
				CLANG_WARN_ENUM_CONVERSION = YES;
				CLANG_WARN_INFINITE_RECURSION = YES;
				CLANG_WARN_INT_CONVERSION = YES;
				CLANG_WARN_NON_LITERAL_NULL_CONVERSION = YES;
				CLANG_WARN_OBJC_IMPLICIT_RETAIN_SELF = YES;
				CLANG_WARN_OBJC_LITERAL_CONVERSION = YES;
				CLANG_WARN_OBJC_ROOT_CLASS = YES_ERROR;
				CLANG_WARN_QUOTED_INCLUDE_IN_FRAMEWORK_HEADER = YES;
				CLANG_WARN_RANGE_LOOP_ANALYSIS = YES;
				CLANG_WARN_STRICT_PROTOTYPES = YES;
				CLANG_WARN_SUSPICIOUS_MOVE = YES;
				CLANG_WARN_UNGUARDED_AVAILABILITY = YES_AGGRESSIVE;
				CLANG_WARN_UNREACHABLE_CODE = YES;
				CLANG_WARN__DUPLICATE_METHOD_MATCH = YES;
				COPY_PHASE_STRIP = NO;
				CURRENT_PROJECT_VERSION = 1;
				DEBUG_INFORMATION_FORMAT = dwarf;
				DEVELOPMENT_TEAM = K9878XM64L;
				ENABLE_STRICT_OBJC_MSGSEND = YES;
				ENABLE_TESTABILITY = YES;
				GCC_C_LANGUAGE_STANDARD = gnu11;
				GCC_DYNAMIC_NO_PIC = NO;
				GCC_NO_COMMON_BLOCKS = YES;
				GCC_OPTIMIZATION_LEVEL = 0;
				GCC_PREPROCESSOR_DEFINITIONS = (
					"$(inherited)",
					"DEBUG=1",
				);
				GCC_WARN_64_TO_32_BIT_CONVERSION = YES;
				GCC_WARN_ABOUT_RETURN_TYPE = YES_ERROR;
				GCC_WARN_UNDECLARED_SELECTOR = YES;
				GCC_WARN_UNINITIALIZED_AUTOS = YES_AGGRESSIVE;
				GCC_WARN_UNUSED_FUNCTION = YES;
				GCC_WARN_UNUSED_VARIABLE = YES;
				GENERATE_INFOPLIST_FILE = YES;
				IPHONEOS_DEPLOYMENT_TARGET = 16.2;
				MARKETING_VERSION = 1.0.0;
				MTL_ENABLE_DEBUG_INFO = INCLUDE_SOURCE;
				MTL_FAST_MATH = YES;
				ONLY_ACTIVE_ARCH = YES;
				PRODUCT_NAME = "$(TARGET_NAME)";
				SDKROOT = iphoneos;
				SWIFT_ACTIVE_COMPILATION_CONDITIONS = DEBUG;
				SWIFT_OPTIMIZATION_LEVEL = "-Onone";
				SWIFT_VERSION = 5.0;
				TARGETED_DEVICE_FAMILY = "1,2";
			};
			name = Debug;
		};
		B082C263C2DE518DA8A573C1 /* Debug */ = {
			isa = XCBuildConfiguration;
			buildSettings = {
				BUNDLE_LOADER = "$(TEST_HOST)";
				INFOPLIST_FILE = PolmodorTests/Info.plist;
				LD_RUNPATH_SEARCH_PATHS = (
					"$(inherited)",
					"@executable_path/Frameworks",
					"@loader_path/Frameworks",
				);
				PRODUCT_BUNDLE_IDENTIFIER = com.PolmodorTests;
				SDKROOT = iphoneos;
				TARGETED_DEVICE_FAMILY = "1,2";
				TEST_HOST = "$(BUILT_PRODUCTS_DIR)/Polmodor.app/$(BUNDLE_EXECUTABLE_FOLDER_PATH)/Polmodor";
			};
			name = Debug;
		};
		BE6C401404819E72081FD788 /* Debug */ = {
			isa = XCBuildConfiguration;
			buildSettings = {
				BUNDLE_LOADER = "$(TEST_HOST)";
				INFOPLIST_FILE = PolmodorUITests/Info.plist;
				LD_RUNPATH_SEARCH_PATHS = (
					"$(inherited)",
					"@executable_path/Frameworks",
					"@loader_path/Frameworks",
				);
				PRODUCT_BUNDLE_IDENTIFIER = com.PolmodorUITests;
				SDKROOT = iphoneos;
				TARGETED_DEVICE_FAMILY = "1,2";
				TEST_TARGET_NAME = Polmodor;
			};
			name = Debug;
		};
		FE8F01655E7ACF1578600516 /* Release */ = {
			isa = XCBuildConfiguration;
			buildSettings = {
				ASSETCATALOG_COMPILER_APPICON_NAME = AppIcon;
				ASSETCATALOG_COMPILER_GLOBAL_ACCENT_COLOR_NAME = AccentColor;
				CODE_SIGN_IDENTITY = "Apple Development";
				CODE_SIGN_STYLE = Automatic;
				DEVELOPMENT_TEAM = K9878XM64L;
				ENABLE_PREVIEWS = YES;
				INFOPLIST_FILE = Polmodor/Info.plist;
				LD_RUNPATH_SEARCH_PATHS = (
					"$(inherited)",
					"@executable_path/Frameworks",
				);
				PRODUCT_BUNDLE_IDENTIFIER = com.polmodor;
				PROVISIONING_PROFILE_SPECIFIER = "";
				SDKROOT = iphoneos;
				SUPPORTED_PLATFORMS = "iphoneos iphonesimulator";
				SUPPORTS_MACCATALYST = NO;
				SUPPORTS_MAC_DESIGNED_FOR_IPHONE_IPAD = YES;
				SUPPORTS_XR_DESIGNED_FOR_IPHONE_IPAD = YES;
				TARGETED_DEVICE_FAMILY = "1,2";
			};
			name = Release;
		};
/* End XCBuildConfiguration section */

/* Begin XCConfigurationList section */
		6CA3C2E0B8DC00AB2E36E9CC /* Build configuration list for PBXNativeTarget "PolmodorWidget" */ = {
			isa = XCConfigurationList;
			buildConfigurations = (
				9924AB62A461EA42EC01A75D /* Debug */,
				964CC7B4EA8C84B8F555AD26 /* Release */,
			);
			defaultConfigurationIsVisible = 0;
			defaultConfigurationName = Debug;
		};
		802C64C9BB2668059CFB3069 /* Build configuration list for PBXNativeTarget "Polmodor" */ = {
			isa = XCConfigurationList;
			buildConfigurations = (
				08B088A0063518A494596DB9 /* Debug */,
				FE8F01655E7ACF1578600516 /* Release */,
			);
			defaultConfigurationIsVisible = 0;
			defaultConfigurationName = Debug;
		};
		88437CBFD6BB466E064E0F2A /* Build configuration list for PBXNativeTarget "PolmodorUITests" */ = {
			isa = XCConfigurationList;
			buildConfigurations = (
				BE6C401404819E72081FD788 /* Debug */,
				85F4045BD028AEABDD70353B /* Release */,
			);
			defaultConfigurationIsVisible = 0;
			defaultConfigurationName = Debug;
		};
		8FFF63ADDEE93942A8E78358 /* Build configuration list for PBXNativeTarget "PolmodorTests" */ = {
			isa = XCConfigurationList;
			buildConfigurations = (
				B082C263C2DE518DA8A573C1 /* Debug */,
				9A09ABA383162317B37AC3C4 /* Release */,
			);
			defaultConfigurationIsVisible = 0;
			defaultConfigurationName = Debug;
		};
		E936ABF6C4E411BB72B98F40 /* Build configuration list for PBXProject "Polmodor" */ = {
			isa = XCConfigurationList;
			buildConfigurations = (
				9CB6691CEBD85A8B732EA5E3 /* Debug */,
				7C756CA17EDE5C596901B11F /* Release */,
			);
			defaultConfigurationIsVisible = 0;
			defaultConfigurationName = Debug;
		};
/* End XCConfigurationList section */
	};
	rootObject = 7B2DFC0B6E73F4FE6D0057CA /* Project object */;
}
