{
  "originHash" : "533de208f7207fdd36b99a2f0036707fca012c23defe0e4e99a820106aff336d",
  "pins" : [
    {
      "identity" : "purchases-ios-spm",
      "kind" : "remoteSourceControl",
      "location" : "https://github.com/RevenueCat/purchases-ios-spm.git",
      "state" : {
        "revision" : "7ac8ce4ef91b8642b66353b123a3cca43a2f976c",
        "version" : "5.31.0"
      }
    }
  ],
  "version" : 3
}
